
Microsoft Visual Studio Solution File, Format Version 12.00
# Visual Studio 14
VisualStudioVersion = 14.0.25123.0
MinimumVisualStudioVersion = 10.0.40219.1
Project("{FAE04EC0-301F-11D3-BF4B-00C04F79EFBC}") = "asyncawait_test.Droid", "asyncawait_test\asyncawait_test.Droid\asyncawait_test.Droid.csproj", "{FFB7DBCB-0022-4ACE-B682-4261BD4F5DF0}"
EndProject
Project("{FAE04EC0-301F-11D3-BF4B-00C04F79EFBC}") = "asyncawait_test.iOS", "asyncawait_test\asyncawait_test.iOS\asyncawait_test.iOS.csproj", "{E2F291EC-36B6-46FB-B947-DC2C44246830}"
EndProject
Project("{FAE04EC0-301F-11D3-BF4B-00C04F79EFBC}") = "asyncawait_test.WinPhone", "asyncawait_test\asyncawait_test.WinPhone\asyncawait_test.WinPhone.csproj", "{39845665-0E1D-482B-A366-A6BBF4BED381}"
EndProject
Project("{FAE04EC0-301F-11D3-BF4B-00C04F79EFBC}") = "asyncawait_test.UWP", "asyncawait_test\asyncawait_test.UWP\asyncawait_test.UWP.csproj", "{1B7A5CF4-B3AE-4404-AD54-CD6B3E5EF2AE}"
EndProject
Project("{FAE04EC0-301F-11D3-BF4B-00C04F79EFBC}") = "asyncawait_test.Windows", "asyncawait_test\asyncawait_test.Windows\asyncawait_test.Windows.csproj", "{43DB95BF-3D42-4421-802C-D5AD9EB9C9A6}"
EndProject
Project("{FAE04EC0-301F-11D3-BF4B-00C04F79EFBC}") = "asyncawait_test", "asyncawait_test\asyncawait_test\asyncawait_test.csproj", "{8CD4BB8D-571A-4C99-A181-5AFCB833E2A2}"
EndProject
Global
	GlobalSection(SolutionConfigurationPlatforms) = preSolution
		Ad-Hoc|Any CPU = Ad-Hoc|Any CPU
		Ad-Hoc|ARM = Ad-Hoc|ARM
		Ad-Hoc|iPhone = Ad-Hoc|iPhone
		Ad-Hoc|iPhoneSimulator = Ad-Hoc|iPhoneSimulator
		Ad-Hoc|x64 = Ad-Hoc|x64
		Ad-Hoc|x86 = Ad-Hoc|x86
		AppStore|Any CPU = AppStore|Any CPU
		AppStore|ARM = AppStore|ARM
		AppStore|iPhone = AppStore|iPhone
		AppStore|iPhoneSimulator = AppStore|iPhoneSimulator
		AppStore|x64 = AppStore|x64
		AppStore|x86 = AppStore|x86
		Debug|Any CPU = Debug|Any CPU
		Debug|ARM = Debug|ARM
		Debug|iPhone = Debug|iPhone
		Debug|iPhoneSimulator = Debug|iPhoneSimulator
		Debug|x64 = Debug|x64
		Debug|x86 = Debug|x86
		Release|Any CPU = Release|Any CPU
		Release|ARM = Release|ARM
		Release|iPhone = Release|iPhone
		Release|iPhoneSimulator = Release|iPhoneSimulator
		Release|x64 = Release|x64
		Release|x86 = Release|x86
	EndGlobalSection
	GlobalSection(ProjectConfigurationPlatforms) = postSolution
		{FFB7DBCB-0022-4ACE-B682-4261BD4F5DF0}.Ad-Hoc|Any CPU.ActiveCfg = Release|Any CPU
		{FFB7DBCB-0022-4ACE-B682-4261BD4F5DF0}.Ad-Hoc|Any CPU.Build.0 = Release|Any CPU
		{FFB7DBCB-0022-4ACE-B682-4261BD4F5DF0}.Ad-Hoc|Any CPU.Deploy.0 = Release|Any CPU
		{FFB7DBCB-0022-4ACE-B682-4261BD4F5DF0}.Ad-Hoc|ARM.ActiveCfg = Release|Any CPU
		{FFB7DBCB-0022-4ACE-B682-4261BD4F5DF0}.Ad-Hoc|ARM.Build.0 = Release|Any CPU
		{FFB7DBCB-0022-4ACE-B682-4261BD4F5DF0}.Ad-Hoc|ARM.Deploy.0 = Release|Any CPU
		{FFB7DBCB-0022-4ACE-B682-4261BD4F5DF0}.Ad-Hoc|iPhone.ActiveCfg = Release|Any CPU
		{FFB7DBCB-0022-4ACE-B682-4261BD4F5DF0}.Ad-Hoc|iPhone.Build.0 = Release|Any CPU
		{FFB7DBCB-0022-4ACE-B682-4261BD4F5DF0}.Ad-Hoc|iPhone.Deploy.0 = Release|Any CPU
		{FFB7DBCB-0022-4ACE-B682-4261BD4F5DF0}.Ad-Hoc|iPhoneSimulator.ActiveCfg = Release|Any CPU
		{FFB7DBCB-0022-4ACE-B682-4261BD4F5DF0}.Ad-Hoc|iPhoneSimulator.Build.0 = Release|Any CPU
		{FFB7DBCB-0022-4ACE-B682-4261BD4F5DF0}.Ad-Hoc|iPhoneSimulator.Deploy.0 = Release|Any CPU
		{FFB7DBCB-0022-4ACE-B682-4261BD4F5DF0}.Ad-Hoc|x64.ActiveCfg = Release|Any CPU
		{FFB7DBCB-0022-4ACE-B682-4261BD4F5DF0}.Ad-Hoc|x64.Build.0 = Release|Any CPU
		{FFB7DBCB-0022-4ACE-B682-4261BD4F5DF0}.Ad-Hoc|x64.Deploy.0 = Release|Any CPU
		{FFB7DBCB-0022-4ACE-B682-4261BD4F5DF0}.Ad-Hoc|x86.ActiveCfg = Release|Any CPU
		{FFB7DBCB-0022-4ACE-B682-4261BD4F5DF0}.Ad-Hoc|x86.Build.0 = Release|Any CPU
		{FFB7DBCB-0022-4ACE-B682-4261BD4F5DF0}.Ad-Hoc|x86.Deploy.0 = Release|Any CPU
		{FFB7DBCB-0022-4ACE-B682-4261BD4F5DF0}.AppStore|Any CPU.ActiveCfg = Release|Any CPU
		{FFB7DBCB-0022-4ACE-B682-4261BD4F5DF0}.AppStore|Any CPU.Build.0 = Release|Any CPU
		{FFB7DBCB-0022-4ACE-B682-4261BD4F5DF0}.AppStore|Any CPU.Deploy.0 = Release|Any CPU
		{FFB7DBCB-0022-4ACE-B682-4261BD4F5DF0}.AppStore|ARM.ActiveCfg = Release|Any CPU
		{FFB7DBCB-0022-4ACE-B682-4261BD4F5DF0}.AppStore|ARM.Build.0 = Release|Any CPU
		{FFB7DBCB-0022-4ACE-B682-4261BD4F5DF0}.AppStore|ARM.Deploy.0 = Release|Any CPU
		{FFB7DBCB-0022-4ACE-B682-4261BD4F5DF0}.AppStore|iPhone.ActiveCfg = Release|Any CPU
		{FFB7DBCB-0022-4ACE-B682-4261BD4F5DF0}.AppStore|iPhone.Build.0 = Release|Any CPU
		{FFB7DBCB-0022-4ACE-B682-4261BD4F5DF0}.AppStore|iPhone.Deploy.0 = Release|Any CPU
		{FFB7DBCB-0022-4ACE-B682-4261BD4F5DF0}.AppStore|iPhoneSimulator.ActiveCfg = Release|Any CPU
		{FFB7DBCB-0022-4ACE-B682-4261BD4F5DF0}.AppStore|iPhoneSimulator.Build.0 = Release|Any CPU
		{FFB7DBCB-0022-4ACE-B682-4261BD4F5DF0}.AppStore|iPhoneSimulator.Deploy.0 = Release|Any CPU
		{FFB7DBCB-0022-4ACE-B682-4261BD4F5DF0}.AppStore|x64.ActiveCfg = Release|Any CPU
		{FFB7DBCB-0022-4ACE-B682-4261BD4F5DF0}.AppStore|x64.Build.0 = Release|Any CPU
		{FFB7DBCB-0022-4ACE-B682-4261BD4F5DF0}.AppStore|x64.Deploy.0 = Release|Any CPU
		{FFB7DBCB-0022-4ACE-B682-4261BD4F5DF0}.AppStore|x86.ActiveCfg = Release|Any CPU
		{FFB7DBCB-0022-4ACE-B682-4261BD4F5DF0}.AppStore|x86.Build.0 = Release|Any CPU
		{FFB7DBCB-0022-4ACE-B682-4261BD4F5DF0}.AppStore|x86.Deploy.0 = Release|Any CPU
		{FFB7DBCB-0022-4ACE-B682-4261BD4F5DF0}.Debug|Any CPU.ActiveCfg = Debug|Any CPU
		{FFB7DBCB-0022-4ACE-B682-4261BD4F5DF0}.Debug|Any CPU.Build.0 = Debug|Any CPU
		{FFB7DBCB-0022-4ACE-B682-4261BD4F5DF0}.Debug|Any CPU.Deploy.0 = Debug|Any CPU
		{FFB7DBCB-0022-4ACE-B682-4261BD4F5DF0}.Debug|ARM.ActiveCfg = Debug|Any CPU
		{FFB7DBCB-0022-4ACE-B682-4261BD4F5DF0}.Debug|ARM.Build.0 = Debug|Any CPU
		{FFB7DBCB-0022-4ACE-B682-4261BD4F5DF0}.Debug|ARM.Deploy.0 = Debug|Any CPU
		{FFB7DBCB-0022-4ACE-B682-4261BD4F5DF0}.Debug|iPhone.ActiveCfg = Debug|Any CPU
		{FFB7DBCB-0022-4ACE-B682-4261BD4F5DF0}.Debug|iPhone.Build.0 = Debug|Any CPU
		{FFB7DBCB-0022-4ACE-B682-4261BD4F5DF0}.Debug|iPhone.Deploy.0 = Debug|Any CPU
		{FFB7DBCB-0022-4ACE-B682-4261BD4F5DF0}.Debug|iPhoneSimulator.ActiveCfg = Debug|Any CPU
		{FFB7DBCB-0022-4ACE-B682-4261BD4F5DF0}.Debug|iPhoneSimulator.Build.0 = Debug|Any CPU
		{FFB7DBCB-0022-4ACE-B682-4261BD4F5DF0}.Debug|iPhoneSimulator.Deploy.0 = Debug|Any CPU
		{FFB7DBCB-0022-4ACE-B682-4261BD4F5DF0}.Debug|x64.ActiveCfg = Debug|Any CPU
		{FFB7DBCB-0022-4ACE-B682-4261BD4F5DF0}.Debug|x64.Build.0 = Debug|Any CPU
		{FFB7DBCB-0022-4ACE-B682-4261BD4F5DF0}.Debug|x64.Deploy.0 = Debug|Any CPU
		{FFB7DBCB-0022-4ACE-B682-4261BD4F5DF0}.Debug|x86.ActiveCfg = Debug|Any CPU
		{FFB7DBCB-0022-4ACE-B682-4261BD4F5DF0}.Debug|x86.Build.0 = Debug|Any CPU
		{FFB7DBCB-0022-4ACE-B682-4261BD4F5DF0}.Debug|x86.Deploy.0 = Debug|Any CPU
		{FFB7DBCB-0022-4ACE-B682-4261BD4F5DF0}.Release|Any CPU.ActiveCfg = Release|Any CPU
		{FFB7DBCB-0022-4ACE-B682-4261BD4F5DF0}.Release|Any CPU.Build.0 = Release|Any CPU
		{FFB7DBCB-0022-4ACE-B682-4261BD4F5DF0}.Release|Any CPU.Deploy.0 = Release|Any CPU
		{FFB7DBCB-0022-4ACE-B682-4261BD4F5DF0}.Release|ARM.ActiveCfg = Release|Any CPU
		{FFB7DBCB-0022-4ACE-B682-4261BD4F5DF0}.Release|ARM.Build.0 = Release|Any CPU
		{FFB7DBCB-0022-4ACE-B682-4261BD4F5DF0}.Release|ARM.Deploy.0 = Release|Any CPU
		{FFB7DBCB-0022-4ACE-B682-4261BD4F5DF0}.Release|iPhone.ActiveCfg = Release|Any CPU
		{FFB7DBCB-0022-4ACE-B682-4261BD4F5DF0}.Release|iPhone.Build.0 = Release|Any CPU
		{FFB7DBCB-0022-4ACE-B682-4261BD4F5DF0}.Release|iPhone.Deploy.0 = Release|Any CPU
		{FFB7DBCB-0022-4ACE-B682-4261BD4F5DF0}.Release|iPhoneSimulator.ActiveCfg = Release|Any CPU
		{FFB7DBCB-0022-4ACE-B682-4261BD4F5DF0}.Release|iPhoneSimulator.Build.0 = Release|Any CPU
		{FFB7DBCB-0022-4ACE-B682-4261BD4F5DF0}.Release|iPhoneSimulator.Deploy.0 = Release|Any CPU
		{FFB7DBCB-0022-4ACE-B682-4261BD4F5DF0}.Release|x64.ActiveCfg = Release|Any CPU
		{FFB7DBCB-0022-4ACE-B682-4261BD4F5DF0}.Release|x64.Build.0 = Release|Any CPU
		{FFB7DBCB-0022-4ACE-B682-4261BD4F5DF0}.Release|x64.Deploy.0 = Release|Any CPU
		{FFB7DBCB-0022-4ACE-B682-4261BD4F5DF0}.Release|x86.ActiveCfg = Release|Any CPU
		{FFB7DBCB-0022-4ACE-B682-4261BD4F5DF0}.Release|x86.Build.0 = Release|Any CPU
		{FFB7DBCB-0022-4ACE-B682-4261BD4F5DF0}.Release|x86.Deploy.0 = Release|Any CPU
		{E2F291EC-36B6-46FB-B947-DC2C44246830}.Ad-Hoc|Any CPU.ActiveCfg = Ad-Hoc|iPhone
		{E2F291EC-36B6-46FB-B947-DC2C44246830}.Ad-Hoc|ARM.ActiveCfg = Ad-Hoc|iPhone
		{E2F291EC-36B6-46FB-B947-DC2C44246830}.Ad-Hoc|iPhone.ActiveCfg = Ad-Hoc|iPhone
		{E2F291EC-36B6-46FB-B947-DC2C44246830}.Ad-Hoc|iPhone.Build.0 = Ad-Hoc|iPhone
		{E2F291EC-36B6-46FB-B947-DC2C44246830}.Ad-Hoc|iPhoneSimulator.ActiveCfg = Ad-Hoc|iPhoneSimulator
		{E2F291EC-36B6-46FB-B947-DC2C44246830}.Ad-Hoc|iPhoneSimulator.Build.0 = Ad-Hoc|iPhoneSimulator
		{E2F291EC-36B6-46FB-B947-DC2C44246830}.Ad-Hoc|x64.ActiveCfg = Ad-Hoc|iPhone
		{E2F291EC-36B6-46FB-B947-DC2C44246830}.Ad-Hoc|x86.ActiveCfg = Ad-Hoc|iPhone
		{E2F291EC-36B6-46FB-B947-DC2C44246830}.AppStore|Any CPU.ActiveCfg = AppStore|iPhone
		{E2F291EC-36B6-46FB-B947-DC2C44246830}.AppStore|ARM.ActiveCfg = AppStore|iPhone
		{E2F291EC-36B6-46FB-B947-DC2C44246830}.AppStore|iPhone.ActiveCfg = AppStore|iPhone
		{E2F291EC-36B6-46FB-B947-DC2C44246830}.AppStore|iPhone.Build.0 = AppStore|iPhone
		{E2F291EC-36B6-46FB-B947-DC2C44246830}.AppStore|iPhoneSimulator.ActiveCfg = AppStore|iPhoneSimulator
		{E2F291EC-36B6-46FB-B947-DC2C44246830}.AppStore|iPhoneSimulator.Build.0 = AppStore|iPhoneSimulator
		{E2F291EC-36B6-46FB-B947-DC2C44246830}.AppStore|x64.ActiveCfg = AppStore|iPhone
		{E2F291EC-36B6-46FB-B947-DC2C44246830}.AppStore|x86.ActiveCfg = AppStore|iPhone
		{E2F291EC-36B6-46FB-B947-DC2C44246830}.Debug|Any CPU.ActiveCfg = Debug|iPhone
		{E2F291EC-36B6-46FB-B947-DC2C44246830}.Debug|ARM.ActiveCfg = Debug|iPhone
		{E2F291EC-36B6-46FB-B947-DC2C44246830}.Debug|iPhone.ActiveCfg = Debug|iPhone
		{E2F291EC-36B6-46FB-B947-DC2C44246830}.Debug|iPhone.Build.0 = Debug|iPhone
		{E2F291EC-36B6-46FB-B947-DC2C44246830}.Debug|iPhoneSimulator.ActiveCfg = Debug|iPhoneSimulator
		{E2F291EC-36B6-46FB-B947-DC2C44246830}.Debug|iPhoneSimulator.Build.0 = Debug|iPhoneSimulator
		{E2F291EC-36B6-46FB-B947-DC2C44246830}.Debug|x64.ActiveCfg = Debug|iPhone
		{E2F291EC-36B6-46FB-B947-DC2C44246830}.Debug|x86.ActiveCfg = Debug|iPhone
		{E2F291EC-36B6-46FB-B947-DC2C44246830}.Release|Any CPU.ActiveCfg = Release|iPhone
		{E2F291EC-36B6-46FB-B947-DC2C44246830}.Release|ARM.ActiveCfg = Release|iPhone
		{E2F291EC-36B6-46FB-B947-DC2C44246830}.Release|iPhone.ActiveCfg = Release|iPhone
		{E2F291EC-36B6-46FB-B947-DC2C44246830}.Release|iPhone.Build.0 = Release|iPhone
		{E2F291EC-36B6-46FB-B947-DC2C44246830}.Release|iPhoneSimulator.ActiveCfg = Release|iPhoneSimulator
		{E2F291EC-36B6-46FB-B947-DC2C44246830}.Release|iPhoneSimulator.Build.0 = Release|iPhoneSimulator
		{E2F291EC-36B6-46FB-B947-DC2C44246830}.Release|x64.ActiveCfg = Release|iPhone
		{E2F291EC-36B6-46FB-B947-DC2C44246830}.Release|x86.ActiveCfg = Release|iPhone
		{39845665-0E1D-482B-A366-A6BBF4BED381}.Ad-Hoc|Any CPU.ActiveCfg = Release|Any CPU
		{39845665-0E1D-482B-A366-A6BBF4BED381}.Ad-Hoc|Any CPU.Build.0 = Release|Any CPU
		{39845665-0E1D-482B-A366-A6BBF4BED381}.Ad-Hoc|Any CPU.Deploy.0 = Release|Any CPU
		{39845665-0E1D-482B-A366-A6BBF4BED381}.Ad-Hoc|ARM.ActiveCfg = Release|ARM
		{39845665-0E1D-482B-A366-A6BBF4BED381}.Ad-Hoc|ARM.Build.0 = Release|ARM
		{39845665-0E1D-482B-A366-A6BBF4BED381}.Ad-Hoc|ARM.Deploy.0 = Release|ARM
		{39845665-0E1D-482B-A366-A6BBF4BED381}.Ad-Hoc|iPhone.ActiveCfg = Release|Any CPU
		{39845665-0E1D-482B-A366-A6BBF4BED381}.Ad-Hoc|iPhone.Build.0 = Release|Any CPU
		{39845665-0E1D-482B-A366-A6BBF4BED381}.Ad-Hoc|iPhone.Deploy.0 = Release|Any CPU
		{39845665-0E1D-482B-A366-A6BBF4BED381}.Ad-Hoc|iPhoneSimulator.ActiveCfg = Release|Any CPU
		{39845665-0E1D-482B-A366-A6BBF4BED381}.Ad-Hoc|iPhoneSimulator.Build.0 = Release|Any CPU
		{39845665-0E1D-482B-A366-A6BBF4BED381}.Ad-Hoc|iPhoneSimulator.Deploy.0 = Release|Any CPU
		{39845665-0E1D-482B-A366-A6BBF4BED381}.Ad-Hoc|x64.ActiveCfg = Release|Any CPU
		{39845665-0E1D-482B-A366-A6BBF4BED381}.Ad-Hoc|x64.Build.0 = Release|Any CPU
		{39845665-0E1D-482B-A366-A6BBF4BED381}.Ad-Hoc|x64.Deploy.0 = Release|Any CPU
		{39845665-0E1D-482B-A366-A6BBF4BED381}.Ad-Hoc|x86.ActiveCfg = Release|x86
		{39845665-0E1D-482B-A366-A6BBF4BED381}.Ad-Hoc|x86.Build.0 = Release|x86
		{39845665-0E1D-482B-A366-A6BBF4BED381}.Ad-Hoc|x86.Deploy.0 = Release|x86
		{39845665-0E1D-482B-A366-A6BBF4BED381}.AppStore|Any CPU.ActiveCfg = Release|Any CPU
		{39845665-0E1D-482B-A366-A6BBF4BED381}.AppStore|Any CPU.Build.0 = Release|Any CPU
		{39845665-0E1D-482B-A366-A6BBF4BED381}.AppStore|Any CPU.Deploy.0 = Release|Any CPU
		{39845665-0E1D-482B-A366-A6BBF4BED381}.AppStore|ARM.ActiveCfg = Release|ARM
		{39845665-0E1D-482B-A366-A6BBF4BED381}.AppStore|ARM.Build.0 = Release|ARM
		{39845665-0E1D-482B-A366-A6BBF4BED381}.AppStore|ARM.Deploy.0 = Release|ARM
		{39845665-0E1D-482B-A366-A6BBF4BED381}.AppStore|iPhone.ActiveCfg = Release|Any CPU
		{39845665-0E1D-482B-A366-A6BBF4BED381}.AppStore|iPhone.Build.0 = Release|Any CPU
		{39845665-0E1D-482B-A366-A6BBF4BED381}.AppStore|iPhone.Deploy.0 = Release|Any CPU
		{39845665-0E1D-482B-A366-A6BBF4BED381}.AppStore|iPhoneSimulator.ActiveCfg = Release|Any CPU
		{39845665-0E1D-482B-A366-A6BBF4BED381}.AppStore|iPhoneSimulator.Build.0 = Release|Any CPU
		{39845665-0E1D-482B-A366-A6BBF4BED381}.AppStore|iPhoneSimulator.Deploy.0 = Release|Any CPU
		{39845665-0E1D-482B-A366-A6BBF4BED381}.AppStore|x64.ActiveCfg = Release|Any CPU
		{39845665-0E1D-482B-A366-A6BBF4BED381}.AppStore|x64.Build.0 = Release|Any CPU
		{39845665-0E1D-482B-A366-A6BBF4BED381}.AppStore|x64.Deploy.0 = Release|Any CPU
		{39845665-0E1D-482B-A366-A6BBF4BED381}.AppStore|x86.ActiveCfg = Release|x86
		{39845665-0E1D-482B-A366-A6BBF4BED381}.AppStore|x86.Build.0 = Release|x86
		{39845665-0E1D-482B-A366-A6BBF4BED381}.AppStore|x86.Deploy.0 = Release|x86
		{39845665-0E1D-482B-A366-A6BBF4BED381}.Debug|Any CPU.ActiveCfg = Debug|Any CPU
		{39845665-0E1D-482B-A366-A6BBF4BED381}.Debug|Any CPU.Build.0 = Debug|Any CPU
		{39845665-0E1D-482B-A366-A6BBF4BED381}.Debug|Any CPU.Deploy.0 = Debug|Any CPU
		{39845665-0E1D-482B-A366-A6BBF4BED381}.Debug|ARM.ActiveCfg = Debug|ARM
		{39845665-0E1D-482B-A366-A6BBF4BED381}.Debug|ARM.Build.0 = Debug|ARM
		{39845665-0E1D-482B-A366-A6BBF4BED381}.Debug|ARM.Deploy.0 = Debug|ARM
		{39845665-0E1D-482B-A366-A6BBF4BED381}.Debug|iPhone.ActiveCfg = Debug|Any CPU
		{39845665-0E1D-482B-A366-A6BBF4BED381}.Debug|iPhone.Build.0 = Debug|Any CPU
		{39845665-0E1D-482B-A366-A6BBF4BED381}.Debug|iPhone.Deploy.0 = Debug|Any CPU
		{39845665-0E1D-482B-A366-A6BBF4BED381}.Debug|iPhoneSimulator.ActiveCfg = Debug|Any CPU
		{39845665-0E1D-482B-A366-A6BBF4BED381}.Debug|iPhoneSimulator.Build.0 = Debug|Any CPU
		{39845665-0E1D-482B-A366-A6BBF4BED381}.Debug|iPhoneSimulator.Deploy.0 = Debug|Any CPU
		{39845665-0E1D-482B-A366-A6BBF4BED381}.Debug|x64.ActiveCfg = Debug|Any CPU
		{39845665-0E1D-482B-A366-A6BBF4BED381}.Debug|x64.Build.0 = Debug|Any CPU
		{39845665-0E1D-482B-A366-A6BBF4BED381}.Debug|x64.Deploy.0 = Debug|Any CPU
		{39845665-0E1D-482B-A366-A6BBF4BED381}.Debug|x86.ActiveCfg = Debug|x86
		{39845665-0E1D-482B-A366-A6BBF4BED381}.Debug|x86.Build.0 = Debug|x86
		{39845665-0E1D-482B-A366-A6BBF4BED381}.Debug|x86.Deploy.0 = Debug|x86
		{39845665-0E1D-482B-A366-A6BBF4BED381}.Release|Any CPU.ActiveCfg = Release|Any CPU
		{39845665-0E1D-482B-A366-A6BBF4BED381}.Release|Any CPU.Build.0 = Release|Any CPU
		{39845665-0E1D-482B-A366-A6BBF4BED381}.Release|Any CPU.Deploy.0 = Release|Any CPU
		{39845665-0E1D-482B-A366-A6BBF4BED381}.Release|ARM.ActiveCfg = Release|ARM
		{39845665-0E1D-482B-A366-A6BBF4BED381}.Release|ARM.Build.0 = Release|ARM
		{39845665-0E1D-482B-A366-A6BBF4BED381}.Release|ARM.Deploy.0 = Release|ARM
		{39845665-0E1D-482B-A366-A6BBF4BED381}.Release|iPhone.ActiveCfg = Release|Any CPU
		{39845665-0E1D-482B-A366-A6BBF4BED381}.Release|iPhone.Build.0 = Release|Any CPU
		{39845665-0E1D-482B-A366-A6BBF4BED381}.Release|iPhone.Deploy.0 = Release|Any CPU
		{39845665-0E1D-482B-A366-A6BBF4BED381}.Release|iPhoneSimulator.ActiveCfg = Release|Any CPU
		{39845665-0E1D-482B-A366-A6BBF4BED381}.Release|iPhoneSimulator.Build.0 = Release|Any CPU
		{39845665-0E1D-482B-A366-A6BBF4BED381}.Release|iPhoneSimulator.Deploy.0 = Release|Any CPU
		{39845665-0E1D-482B-A366-A6BBF4BED381}.Release|x64.ActiveCfg = Release|Any CPU
		{39845665-0E1D-482B-A366-A6BBF4BED381}.Release|x64.Build.0 = Release|Any CPU
		{39845665-0E1D-482B-A366-A6BBF4BED381}.Release|x64.Deploy.0 = Release|Any CPU
		{39845665-0E1D-482B-A366-A6BBF4BED381}.Release|x86.ActiveCfg = Release|x86
		{39845665-0E1D-482B-A366-A6BBF4BED381}.Release|x86.Build.0 = Release|x86
		{39845665-0E1D-482B-A366-A6BBF4BED381}.Release|x86.Deploy.0 = Release|x86
		{1B7A5CF4-B3AE-4404-AD54-CD6B3E5EF2AE}.Ad-Hoc|Any CPU.ActiveCfg = Release|x86
		{1B7A5CF4-B3AE-4404-AD54-CD6B3E5EF2AE}.Ad-Hoc|Any CPU.Build.0 = Release|x86
		{1B7A5CF4-B3AE-4404-AD54-CD6B3E5EF2AE}.Ad-Hoc|Any CPU.Deploy.0 = Release|x86
		{1B7A5CF4-B3AE-4404-AD54-CD6B3E5EF2AE}.Ad-Hoc|ARM.ActiveCfg = Release|ARM
		{1B7A5CF4-B3AE-4404-AD54-CD6B3E5EF2AE}.Ad-Hoc|ARM.Build.0 = Release|ARM
		{1B7A5CF4-B3AE-4404-AD54-CD6B3E5EF2AE}.Ad-Hoc|ARM.Deploy.0 = Release|ARM
		{1B7A5CF4-B3AE-4404-AD54-CD6B3E5EF2AE}.Ad-Hoc|iPhone.ActiveCfg = Release|x86
		{1B7A5CF4-B3AE-4404-AD54-CD6B3E5EF2AE}.Ad-Hoc|iPhone.Build.0 = Release|x86
		{1B7A5CF4-B3AE-4404-AD54-CD6B3E5EF2AE}.Ad-Hoc|iPhone.Deploy.0 = Release|x86
		{1B7A5CF4-B3AE-4404-AD54-CD6B3E5EF2AE}.Ad-Hoc|iPhoneSimulator.ActiveCfg = Release|x86
		{1B7A5CF4-B3AE-4404-AD54-CD6B3E5EF2AE}.Ad-Hoc|iPhoneSimulator.Build.0 = Release|x86
		{1B7A5CF4-B3AE-4404-AD54-CD6B3E5EF2AE}.Ad-Hoc|iPhoneSimulator.Deploy.0 = Release|x86
		{1B7A5CF4-B3AE-4404-AD54-CD6B3E5EF2AE}.Ad-Hoc|x64.ActiveCfg = Release|x64
		{1B7A5CF4-B3AE-4404-AD54-CD6B3E5EF2AE}.Ad-Hoc|x64.Build.0 = Release|x64
		{1B7A5CF4-B3AE-4404-AD54-CD6B3E5EF2AE}.Ad-Hoc|x64.Deploy.0 = Release|x64
		{1B7A5CF4-B3AE-4404-AD54-CD6B3E5EF2AE}.Ad-Hoc|x86.ActiveCfg = Release|x86
		{1B7A5CF4-B3AE-4404-AD54-CD6B3E5EF2AE}.Ad-Hoc|x86.Build.0 = Release|x86
		{1B7A5CF4-B3AE-4404-AD54-CD6B3E5EF2AE}.Ad-Hoc|x86.Deploy.0 = Release|x86
		{1B7A5CF4-B3AE-4404-AD54-CD6B3E5EF2AE}.AppStore|Any CPU.ActiveCfg = Release|x86
		{1B7A5CF4-B3AE-4404-AD54-CD6B3E5EF2AE}.AppStore|Any CPU.Build.0 = Release|x86
		{1B7A5CF4-B3AE-4404-AD54-CD6B3E5EF2AE}.AppStore|Any CPU.Deploy.0 = Release|x86
		{1B7A5CF4-B3AE-4404-AD54-CD6B3E5EF2AE}.AppStore|ARM.ActiveCfg = Release|ARM
		{1B7A5CF4-B3AE-4404-AD54-CD6B3E5EF2AE}.AppStore|ARM.Build.0 = Release|ARM
		{1B7A5CF4-B3AE-4404-AD54-CD6B3E5EF2AE}.AppStore|ARM.Deploy.0 = Release|ARM
		{1B7A5CF4-B3AE-4404-AD54-CD6B3E5EF2AE}.AppStore|iPhone.ActiveCfg = Release|x86
		{1B7A5CF4-B3AE-4404-AD54-CD6B3E5EF2AE}.AppStore|iPhone.Build.0 = Release|x86
		{1B7A5CF4-B3AE-4404-AD54-CD6B3E5EF2AE}.AppStore|iPhone.Deploy.0 = Release|x86
		{1B7A5CF4-B3AE-4404-AD54-CD6B3E5EF2AE}.AppStore|iPhoneSimulator.ActiveCfg = Release|x86
		{1B7A5CF4-B3AE-4404-AD54-CD6B3E5EF2AE}.AppStore|iPhoneSimulator.Build.0 = Release|x86
		{1B7A5CF4-B3AE-4404-AD54-CD6B3E5EF2AE}.AppStore|iPhoneSimulator.Deploy.0 = Release|x86
		{1B7A5CF4-B3AE-4404-AD54-CD6B3E5EF2AE}.AppStore|x64.ActiveCfg = Release|x64
		{1B7A5CF4-B3AE-4404-AD54-CD6B3E5EF2AE}.AppStore|x64.Build.0 = Release|x64
		{1B7A5CF4-B3AE-4404-AD54-CD6B3E5EF2AE}.AppStore|x64.Deploy.0 = Release|x64
		{1B7A5CF4-B3AE-4404-AD54-CD6B3E5EF2AE}.AppStore|x86.ActiveCfg = Release|x86
		{1B7A5CF4-B3AE-4404-AD54-CD6B3E5EF2AE}.AppStore|x86.Build.0 = Release|x86
		{1B7A5CF4-B3AE-4404-AD54-CD6B3E5EF2AE}.AppStore|x86.Deploy.0 = Release|x86
		{1B7A5CF4-B3AE-4404-AD54-CD6B3E5EF2AE}.Debug|Any CPU.ActiveCfg = Debug|x86
		{1B7A5CF4-B3AE-4404-AD54-CD6B3E5EF2AE}.Debug|ARM.ActiveCfg = Debug|ARM
		{1B7A5CF4-B3AE-4404-AD54-CD6B3E5EF2AE}.Debug|ARM.Build.0 = Debug|ARM
		{1B7A5CF4-B3AE-4404-AD54-CD6B3E5EF2AE}.Debug|ARM.Deploy.0 = Debug|ARM
		{1B7A5CF4-B3AE-4404-AD54-CD6B3E5EF2AE}.Debug|iPhone.ActiveCfg = Debug|x86
		{1B7A5CF4-B3AE-4404-AD54-CD6B3E5EF2AE}.Debug|iPhoneSimulator.ActiveCfg = Debug|x86
		{1B7A5CF4-B3AE-4404-AD54-CD6B3E5EF2AE}.Debug|x64.ActiveCfg = Debug|x64
		{1B7A5CF4-B3AE-4404-AD54-CD6B3E5EF2AE}.Debug|x64.Build.0 = Debug|x64
		{1B7A5CF4-B3AE-4404-AD54-CD6B3E5EF2AE}.Debug|x64.Deploy.0 = Debug|x64
		{1B7A5CF4-B3AE-4404-AD54-CD6B3E5EF2AE}.Debug|x86.ActiveCfg = Debug|x86
		{1B7A5CF4-B3AE-4404-AD54-CD6B3E5EF2AE}.Debug|x86.Build.0 = Debug|x86
		{1B7A5CF4-B3AE-4404-AD54-CD6B3E5EF2AE}.Debug|x86.Deploy.0 = Debug|x86
		{1B7A5CF4-B3AE-4404-AD54-CD6B3E5EF2AE}.Release|Any CPU.ActiveCfg = Release|x86
		{1B7A5CF4-B3AE-4404-AD54-CD6B3E5EF2AE}.Release|ARM.ActiveCfg = Release|ARM
		{1B7A5CF4-B3AE-4404-AD54-CD6B3E5EF2AE}.Release|ARM.Build.0 = Release|ARM
		{1B7A5CF4-B3AE-4404-AD54-CD6B3E5EF2AE}.Release|ARM.Deploy.0 = Release|ARM
		{1B7A5CF4-B3AE-4404-AD54-CD6B3E5EF2AE}.Release|iPhone.ActiveCfg = Release|x86
		{1B7A5CF4-B3AE-4404-AD54-CD6B3E5EF2AE}.Release|iPhoneSimulator.ActiveCfg = Release|x86
		{1B7A5CF4-B3AE-4404-AD54-CD6B3E5EF2AE}.Release|x64.ActiveCfg = Release|x64
		{1B7A5CF4-B3AE-4404-AD54-CD6B3E5EF2AE}.Release|x64.Build.0 = Release|x64
		{1B7A5CF4-B3AE-4404-AD54-CD6B3E5EF2AE}.Release|x64.Deploy.0 = Release|x64
		{1B7A5CF4-B3AE-4404-AD54-CD6B3E5EF2AE}.Release|x86.ActiveCfg = Release|x86
		{1B7A5CF4-B3AE-4404-AD54-CD6B3E5EF2AE}.Release|x86.Build.0 = Release|x86
		{1B7A5CF4-B3AE-4404-AD54-CD6B3E5EF2AE}.Release|x86.Deploy.0 = Release|x86
		{43DB95BF-3D42-4421-802C-D5AD9EB9C9A6}.Ad-Hoc|Any CPU.ActiveCfg = Release|Any CPU
		{43DB95BF-3D42-4421-802C-D5AD9EB9C9A6}.Ad-Hoc|Any CPU.Build.0 = Release|Any CPU
		{43DB95BF-3D42-4421-802C-D5AD9EB9C9A6}.Ad-Hoc|Any CPU.Deploy.0 = Release|Any CPU
		{43DB95BF-3D42-4421-802C-D5AD9EB9C9A6}.Ad-Hoc|ARM.ActiveCfg = Release|ARM
		{43DB95BF-3D42-4421-802C-D5AD9EB9C9A6}.Ad-Hoc|ARM.Build.0 = Release|ARM
		{43DB95BF-3D42-4421-802C-D5AD9EB9C9A6}.Ad-Hoc|ARM.Deploy.0 = Release|ARM
		{43DB95BF-3D42-4421-802C-D5AD9EB9C9A6}.Ad-Hoc|iPhone.ActiveCfg = Release|Any CPU
		{43DB95BF-3D42-4421-802C-D5AD9EB9C9A6}.Ad-Hoc|iPhone.Build.0 = Release|Any CPU
		{43DB95BF-3D42-4421-802C-D5AD9EB9C9A6}.Ad-Hoc|iPhone.Deploy.0 = Release|Any CPU
		{43DB95BF-3D42-4421-802C-D5AD9EB9C9A6}.Ad-Hoc|iPhoneSimulator.ActiveCfg = Release|Any CPU
		{43DB95BF-3D42-4421-802C-D5AD9EB9C9A6}.Ad-Hoc|iPhoneSimulator.Build.0 = Release|Any CPU
		{43DB95BF-3D42-4421-802C-D5AD9EB9C9A6}.Ad-Hoc|iPhoneSimulator.Deploy.0 = Release|Any CPU
		{43DB95BF-3D42-4421-802C-D5AD9EB9C9A6}.Ad-Hoc|x64.ActiveCfg = Release|x64
		{43DB95BF-3D42-4421-802C-D5AD9EB9C9A6}.Ad-Hoc|x64.Build.0 = Release|x64
		{43DB95BF-3D42-4421-802C-D5AD9EB9C9A6}.Ad-Hoc|x64.Deploy.0 = Release|x64
		{43DB95BF-3D42-4421-802C-D5AD9EB9C9A6}.Ad-Hoc|x86.ActiveCfg = Release|x86
		{43DB95BF-3D42-4421-802C-D5AD9EB9C9A6}.Ad-Hoc|x86.Build.0 = Release|x86
		{43DB95BF-3D42-4421-802C-D5AD9EB9C9A6}.Ad-Hoc|x86.Deploy.0 = Release|x86
		{43DB95BF-3D42-4421-802C-D5AD9EB9C9A6}.AppStore|Any CPU.ActiveCfg = Release|Any CPU
		{43DB95BF-3D42-4421-802C-D5AD9EB9C9A6}.AppStore|Any CPU.Build.0 = Release|Any CPU
		{43DB95BF-3D42-4421-802C-D5AD9EB9C9A6}.AppStore|Any CPU.Deploy.0 = Release|Any CPU
		{43DB95BF-3D42-4421-802C-D5AD9EB9C9A6}.AppStore|ARM.ActiveCfg = Release|ARM
		{43DB95BF-3D42-4421-802C-D5AD9EB9C9A6}.AppStore|ARM.Build.0 = Release|ARM
		{43DB95BF-3D42-4421-802C-D5AD9EB9C9A6}.AppStore|ARM.Deploy.0 = Release|ARM
		{43DB95BF-3D42-4421-802C-D5AD9EB9C9A6}.AppStore|iPhone.ActiveCfg = Release|Any CPU
		{43DB95BF-3D42-4421-802C-D5AD9EB9C9A6}.AppStore|iPhone.Build.0 = Release|Any CPU
		{43DB95BF-3D42-4421-802C-D5AD9EB9C9A6}.AppStore|iPhone.Deploy.0 = Release|Any CPU
		{43DB95BF-3D42-4421-802C-D5AD9EB9C9A6}.AppStore|iPhoneSimulator.ActiveCfg = Release|Any CPU
		{43DB95BF-3D42-4421-802C-D5AD9EB9C9A6}.AppStore|iPhoneSimulator.Build.0 = Release|Any CPU
		{43DB95BF-3D42-4421-802C-D5AD9EB9C9A6}.AppStore|iPhoneSimulator.Deploy.0 = Release|Any CPU
		{43DB95BF-3D42-4421-802C-D5AD9EB9C9A6}.AppStore|x64.ActiveCfg = Release|x64
		{43DB95BF-3D42-4421-802C-D5AD9EB9C9A6}.AppStore|x64.Build.0 = Release|x64
		{43DB95BF-3D42-4421-802C-D5AD9EB9C9A6}.AppStore|x64.Deploy.0 = Release|x64
		{43DB95BF-3D42-4421-802C-D5AD9EB9C9A6}.AppStore|x86.ActiveCfg = Release|x86
		{43DB95BF-3D42-4421-802C-D5AD9EB9C9A6}.AppStore|x86.Build.0 = Release|x86
		{43DB95BF-3D42-4421-802C-D5AD9EB9C9A6}.AppStore|x86.Deploy.0 = Release|x86
		{43DB95BF-3D42-4421-802C-D5AD9EB9C9A6}.Debug|Any CPU.ActiveCfg = Debug|Any CPU
		{43DB95BF-3D42-4421-802C-D5AD9EB9C9A6}.Debug|Any CPU.Build.0 = Debug|Any CPU
		{43DB95BF-3D42-4421-802C-D5AD9EB9C9A6}.Debug|Any CPU.Deploy.0 = Debug|Any CPU
		{43DB95BF-3D42-4421-802C-D5AD9EB9C9A6}.Debug|ARM.ActiveCfg = Debug|ARM
		{43DB95BF-3D42-4421-802C-D5AD9EB9C9A6}.Debug|ARM.Build.0 = Debug|ARM
		{43DB95BF-3D42-4421-802C-D5AD9EB9C9A6}.Debug|ARM.Deploy.0 = Debug|ARM
		{43DB95BF-3D42-4421-802C-D5AD9EB9C9A6}.Debug|iPhone.ActiveCfg = Debug|Any CPU
		{43DB95BF-3D42-4421-802C-D5AD9EB9C9A6}.Debug|iPhone.Build.0 = Debug|Any CPU
		{43DB95BF-3D42-4421-802C-D5AD9EB9C9A6}.Debug|iPhone.Deploy.0 = Debug|Any CPU
		{43DB95BF-3D42-4421-802C-D5AD9EB9C9A6}.Debug|iPhoneSimulator.ActiveCfg = Debug|Any CPU
		{43DB95BF-3D42-4421-802C-D5AD9EB9C9A6}.Debug|iPhoneSimulator.Build.0 = Debug|Any CPU
		{43DB95BF-3D42-4421-802C-D5AD9EB9C9A6}.Debug|iPhoneSimulator.Deploy.0 = Debug|Any CPU
		{43DB95BF-3D42-4421-802C-D5AD9EB9C9A6}.Debug|x64.ActiveCfg = Debug|x64
		{43DB95BF-3D42-4421-802C-D5AD9EB9C9A6}.Debug|x64.Build.0 = Debug|x64
		{43DB95BF-3D42-4421-802C-D5AD9EB9C9A6}.Debug|x64.Deploy.0 = Debug|x64
		{43DB95BF-3D42-4421-802C-D5AD9EB9C9A6}.Debug|x86.ActiveCfg = Debug|x86
		{43DB95BF-3D42-4421-802C-D5AD9EB9C9A6}.Debug|x86.Build.0 = Debug|x86
		{43DB95BF-3D42-4421-802C-D5AD9EB9C9A6}.Debug|x86.Deploy.0 = Debug|x86
		{43DB95BF-3D42-4421-802C-D5AD9EB9C9A6}.Release|Any CPU.ActiveCfg = Release|Any CPU
		{43DB95BF-3D42-4421-802C-D5AD9EB9C9A6}.Release|Any CPU.Build.0 = Release|Any CPU
		{43DB95BF-3D42-4421-802C-D5AD9EB9C9A6}.Release|Any CPU.Deploy.0 = Release|Any CPU
		{43DB95BF-3D42-4421-802C-D5AD9EB9C9A6}.Release|ARM.ActiveCfg = Release|ARM
		{43DB95BF-3D42-4421-802C-D5AD9EB9C9A6}.Release|ARM.Build.0 = Release|ARM
		{43DB95BF-3D42-4421-802C-D5AD9EB9C9A6}.Release|ARM.Deploy.0 = Release|ARM
		{43DB95BF-3D42-4421-802C-D5AD9EB9C9A6}.Release|iPhone.ActiveCfg = Release|Any CPU
		{43DB95BF-3D42-4421-802C-D5AD9EB9C9A6}.Release|iPhone.Build.0 = Release|Any CPU
		{43DB95BF-3D42-4421-802C-D5AD9EB9C9A6}.Release|iPhone.Deploy.0 = Release|Any CPU
		{43DB95BF-3D42-4421-802C-D5AD9EB9C9A6}.Release|iPhoneSimulator.ActiveCfg = Release|Any CPU
		{43DB95BF-3D42-4421-802C-D5AD9EB9C9A6}.Release|iPhoneSimulator.Build.0 = Release|Any CPU
		{43DB95BF-3D42-4421-802C-D5AD9EB9C9A6}.Release|iPhoneSimulator.Deploy.0 = Release|Any CPU
		{43DB95BF-3D42-4421-802C-D5AD9EB9C9A6}.Release|x64.ActiveCfg = Release|x64
		{43DB95BF-3D42-4421-802C-D5AD9EB9C9A6}.Release|x64.Build.0 = Release|x64
		{43DB95BF-3D42-4421-802C-D5AD9EB9C9A6}.Release|x64.Deploy.0 = Release|x64
		{43DB95BF-3D42-4421-802C-D5AD9EB9C9A6}.Release|x86.ActiveCfg = Release|x86
		{43DB95BF-3D42-4421-802C-D5AD9EB9C9A6}.Release|x86.Build.0 = Release|x86
		{43DB95BF-3D42-4421-802C-D5AD9EB9C9A6}.Release|x86.Deploy.0 = Release|x86
		{8CD4BB8D-571A-4C99-A181-5AFCB833E2A2}.Ad-Hoc|Any CPU.ActiveCfg = Release|Any CPU
		{8CD4BB8D-571A-4C99-A181-5AFCB833E2A2}.Ad-Hoc|Any CPU.Build.0 = Release|Any CPU
		{8CD4BB8D-571A-4C99-A181-5AFCB833E2A2}.Ad-Hoc|ARM.ActiveCfg = Release|Any CPU
		{8CD4BB8D-571A-4C99-A181-5AFCB833E2A2}.Ad-Hoc|ARM.Build.0 = Release|Any CPU
		{8CD4BB8D-571A-4C99-A181-5AFCB833E2A2}.Ad-Hoc|iPhone.ActiveCfg = Release|Any CPU
		{8CD4BB8D-571A-4C99-A181-5AFCB833E2A2}.Ad-Hoc|iPhone.Build.0 = Release|Any CPU
		{8CD4BB8D-571A-4C99-A181-5AFCB833E2A2}.Ad-Hoc|iPhoneSimulator.ActiveCfg = Release|Any CPU
		{8CD4BB8D-571A-4C99-A181-5AFCB833E2A2}.Ad-Hoc|iPhoneSimulator.Build.0 = Release|Any CPU
		{8CD4BB8D-571A-4C99-A181-5AFCB833E2A2}.Ad-Hoc|x64.ActiveCfg = Release|Any CPU
		{8CD4BB8D-571A-4C99-A181-5AFCB833E2A2}.Ad-Hoc|x64.Build.0 = Release|Any CPU
		{8CD4BB8D-571A-4C99-A181-5AFCB833E2A2}.Ad-Hoc|x86.ActiveCfg = Release|Any CPU
		{8CD4BB8D-571A-4C99-A181-5AFCB833E2A2}.Ad-Hoc|x86.Build.0 = Release|Any CPU
		{8CD4BB8D-571A-4C99-A181-5AFCB833E2A2}.AppStore|Any CPU.ActiveCfg = Release|Any CPU
		{8CD4BB8D-571A-4C99-A181-5AFCB833E2A2}.AppStore|Any CPU.Build.0 = Release|Any CPU
		{8CD4BB8D-571A-4C99-A181-5AFCB833E2A2}.AppStore|ARM.ActiveCfg = Release|Any CPU
		{8CD4BB8D-571A-4C99-A181-5AFCB833E2A2}.AppStore|ARM.Build.0 = Release|Any CPU
		{8CD4BB8D-571A-4C99-A181-5AFCB833E2A2}.AppStore|iPhone.ActiveCfg = Release|Any CPU
		{8CD4BB8D-571A-4C99-A181-5AFCB833E2A2}.AppStore|iPhone.Build.0 = Release|Any CPU
		{8CD4BB8D-571A-4C99-A181-5AFCB833E2A2}.AppStore|iPhoneSimulator.ActiveCfg = Release|Any CPU
		{8CD4BB8D-571A-4C99-A181-5AFCB833E2A2}.AppStore|iPhoneSimulator.Build.0 = Release|Any CPU
		{8CD4BB8D-571A-4C99-A181-5AFCB833E2A2}.AppStore|x64.ActiveCfg = Release|Any CPU
		{8CD4BB8D-571A-4C99-A181-5AFCB833E2A2}.AppStore|x64.Build.0 = Release|Any CPU
		{8CD4BB8D-571A-4C99-A181-5AFCB833E2A2}.AppStore|x86.ActiveCfg = Release|Any CPU
		{8CD4BB8D-571A-4C99-A181-5AFCB833E2A2}.AppStore|x86.Build.0 = Release|Any CPU
		{8CD4BB8D-571A-4C99-A181-5AFCB833E2A2}.Debug|Any CPU.ActiveCfg = Debug|Any CPU
		{8CD4BB8D-571A-4C99-A181-5AFCB833E2A2}.Debug|Any CPU.Build.0 = Debug|Any CPU
		{8CD4BB8D-571A-4C99-A181-5AFCB833E2A2}.Debug|ARM.ActiveCfg = Debug|Any CPU
		{8CD4BB8D-571A-4C99-A181-5AFCB833E2A2}.Debug|ARM.Build.0 = Debug|Any CPU
		{8CD4BB8D-571A-4C99-A181-5AFCB833E2A2}.Debug|iPhone.ActiveCfg = Debug|Any CPU
		{8CD4BB8D-571A-4C99-A181-5AFCB833E2A2}.Debug|iPhone.Build.0 = Debug|Any CPU
		{8CD4BB8D-571A-4C99-A181-5AFCB833E2A2}.Debug|iPhoneSimulator.ActiveCfg = Debug|Any CPU
		{8CD4BB8D-571A-4C99-A181-5AFCB833E2A2}.Debug|iPhoneSimulator.Build.0 = Debug|Any CPU
		{8CD4BB8D-571A-4C99-A181-5AFCB833E2A2}.Debug|x64.ActiveCfg = Debug|Any CPU
		{8CD4BB8D-571A-4C99-A181-5AFCB833E2A2}.Debug|x64.Build.0 = Debug|Any CPU
		{8CD4BB8D-571A-4C99-A181-5AFCB833E2A2}.Debug|x86.ActiveCfg = Debug|Any CPU
		{8CD4BB8D-571A-4C99-A181-5AFCB833E2A2}.Debug|x86.Build.0 = Debug|Any CPU
		{8CD4BB8D-571A-4C99-A181-5AFCB833E2A2}.Release|Any CPU.ActiveCfg = Release|Any CPU
		{8CD4BB8D-571A-4C99-A181-5AFCB833E2A2}.Release|Any CPU.Build.0 = Release|Any CPU
		{8CD4BB8D-571A-4C99-A181-5AFCB833E2A2}.Release|ARM.ActiveCfg = Release|Any CPU
		{8CD4BB8D-571A-4C99-A181-5AFCB833E2A2}.Release|ARM.Build.0 = Release|Any CPU
		{8CD4BB8D-571A-4C99-A181-5AFCB833E2A2}.Release|iPhone.ActiveCfg = Release|Any CPU
		{8CD4BB8D-571A-4C99-A181-5AFCB833E2A2}.Release|iPhone.Build.0 = Release|Any CPU
		{8CD4BB8D-571A-4C99-A181-5AFCB833E2A2}.Release|iPhoneSimulator.ActiveCfg = Release|Any CPU
		{8CD4BB8D-571A-4C99-A181-5AFCB833E2A2}.Release|iPhoneSimulator.Build.0 = Release|Any CPU
		{8CD4BB8D-571A-4C99-A181-5AFCB833E2A2}.Release|x64.ActiveCfg = Release|Any CPU
		{8CD4BB8D-571A-4C99-A181-5AFCB833E2A2}.Release|x64.Build.0 = Release|Any CPU
		{8CD4BB8D-571A-4C99-A181-5AFCB833E2A2}.Release|x86.ActiveCfg = Release|Any CPU
		{8CD4BB8D-571A-4C99-A181-5AFCB833E2A2}.Release|x86.Build.0 = Release|Any CPU
	EndGlobalSection
	GlobalSection(SolutionProperties) = preSolution
		HideSolutionNode = FALSE
	EndGlobalSection
EndGlobal
